
Microsoft Visual Studio Solution File, Format Version 12.00
# Visual Studio Version 16
VisualStudioVersion = 16.0.29926.136
MinimumVisualStudioVersion = 10.0.40219.1
Project("{FAE04EC0-301F-11D3-BF4B-00C04F79EFBC}") = "STRealVideo.Lib", "STRealVideo.Lib\STRealVideo.Lib.csproj", "{FA144A5E-F1FF-4759-A412-BFA79020A47F}"
EndProject
Project("{FAE04EC0-301F-11D3-BF4B-00C04F79EFBC}") = "STRealVideo.Control", "STRealVideo.Control\STRealVideo.Control.csproj", "{C78E5F5E-4EB4-4FCB-BB21-4F21EE9991B7}"
EndProject
Global
	GlobalSection(SolutionConfigurationPlatforms) = preSolution
		Debug|Any CPU = Debug|Any CPU
		Release|Any CPU = Release|Any CPU
	EndGlobalSection
	GlobalSection(ProjectConfigurationPlatforms) = postSolution
		{FA144A5E-F1FF-4759-A412-BFA79020A47F}.Debug|Any CPU.ActiveCfg = Debug|Any CPU
		{FA144A5E-F1FF-4759-A412-BFA79020A47F}.Debug|Any CPU.Build.0 = Debug|Any CPU
		{FA144A5E-F1FF-4759-A412-BFA79020A47F}.Release|Any CPU.ActiveCfg = Release|Any CPU
		{FA144A5E-F1FF-4759-A412-BFA79020A47F}.Release|Any CPU.Build.0 = Release|Any CPU
		{C78E5F5E-4EB4-4FCB-BB21-4F21EE9991B7}.Debug|Any CPU.ActiveCfg = Debug|Any CPU
		{C78E5F5E-4EB4-4FCB-BB21-4F21EE9991B7}.Debug|Any CPU.Build.0 = Debug|Any CPU
		{C78E5F5E-4EB4-4FCB-BB21-4F21EE9991B7}.Release|Any CPU.ActiveCfg = Release|Any CPU
		{C78E5F5E-4EB4-4FCB-BB21-4F21EE9991B7}.Release|Any CPU.Build.0 = Release|Any CPU
	EndGlobalSection
	GlobalSection(SolutionProperties) = preSolution
		HideSolutionNode = FALSE
	EndGlobalSection
	GlobalSection(ExtensibilityGlobals) = postSolution
		SolutionGuid = {4642A08D-64DE-4105-A2C2-32F7E9EED704}
	EndGlobalSection
EndGlobal
